# This file is automatically @generated by Poetry 1.8.2 and should not be changed by hand.

[[package]]
name = "packaging"
version = "23.2"
description = "Core utilities for Python packages"
optional = false
python-versions = ">=3.7"
files = [
    {file = "packaging-23.2-py3-none-any.whl", hash = "sha256:8c491190033a9af7e1d931d0b5dacc2ef47509b34dd0de67ed209b5203fc88c7"},
    {file = "packaging-23.2.tar.gz", hash = "sha256:048fb0e9405036518eaaf48a55953c750c11e1a1b68e0dd1a9d62ed0c092cfc5"},
]

[[package]]
name = "plotly"
version = "5.19.0"
description = "An open-source, interactive data visualization library for Python"
optional = false
python-versions = ">=3.8"
files = [
    {file = "plotly-5.19.0-py3-none-any.whl", hash = "sha256:906abcc5f15945765328c5d47edaa884bc99f5985fbc61e8cd4dc361f4ff8f5a"},
    {file = "plotly-5.19.0.tar.gz", hash = "sha256:5ea91a56571292ade3e3bc9bf712eba0b95a1fb0a941375d978cc79432e055f4"},
]

[package.dependencies]
packaging = "*"
tenacity = ">=6.2.0"

[[package]]
name = "tenacity"
version = "8.2.3"
description = "Retry code until it succeeds"
optional = false
python-versions = ">=3.7"
files = [
    {file = "tenacity-8.2.3-py3-none-any.whl", hash = "sha256:ce510e327a630c9e1beaf17d42e6ffacc88185044ad85cf74c0a8887c6a0f88c"},
    {file = "tenacity-8.2.3.tar.gz", hash = "sha256:5398ef0d78e63f40007c1fb4c0bff96e1911394d2fa8d194f77619c05ff6cc8a"},
]

[package.extras]
doc = ["reno", "sphinx", "tornado (>=4.5)"]

[metadata]
lock-version = "2.0"
python-versions = "^3.11"
content-hash = "e497642b10be45dd9fb301c217c4a4f646f33855741826985c2c8ebf8d4690f3"
